Microsoft Visual Studio Solution File, Format Version 12.00
# Visual Studio 2012
Project("{FAE04EC0-301F-11D3-BF4B-00C04F79EFBC}") = "Potato.", "Potato..csproj", "{D730931B-DB8C-4A40-9F91-BEE28665D280}"
EndProject
Global
	GlobalSection(SolutionConfigurationPlatforms) = preSolution
	Debug|Any CPU = Debug|Any CPU
	ExportDebug|Any CPU = ExportDebug|Any CPU
	ExportRelease|Any CPU = ExportRelease|Any CPU
	EndGlobalSection
	GlobalSection(ProjectConfigurationPlatforms) = postSolution
		{D730931B-DB8C-4A40-9F91-BEE28665D280}.Debug|Any CPU.ActiveCfg = Debug|Any CPU
		{D730931B-DB8C-4A40-9F91-BEE28665D280}.Debug|Any CPU.Build.0 = Debug|Any CPU
		{D730931B-DB8C-4A40-9F91-BEE28665D280}.ExportDebug|Any CPU.ActiveCfg = ExportDebug|Any CPU
		{D730931B-DB8C-4A40-9F91-BEE28665D280}.ExportDebug|Any CPU.Build.0 = ExportDebug|Any CPU
		{D730931B-DB8C-4A40-9F91-BEE28665D280}.ExportRelease|Any CPU.ActiveCfg = ExportRelease|Any CPU
		{D730931B-DB8C-4A40-9F91-BEE28665D280}.ExportRelease|Any CPU.Build.0 = ExportRelease|Any CPU
	EndGlobalSection
EndGlobal
